// !$*UTF8*$!
{
	archiveVersion = 1;
	classes = {
	};
	objectVersion = 56;
	objects = {

/* Begin PBXBuildFile section */
		32E976A4353038FF359C45C3 /* Pods_VSCO_Clone.framework in Frameworks */ = {isa = PBXBuildFile; fileRef = 65A2AB4F6155106F04669D32 /* Pods_VSCO_Clone.framework */; };
		3B4F04D529713B35008F8E6E /* UserSingleton.swift in Sources */ = {isa = PBXBuildFile; fileRef = 3B4F04D429713B35008F8E6E /* UserSingleton.swift */; };
		3B5DF742296AE88E00169461 /* AppDelegate.swift in Sources */ = {isa = PBXBuildFile; fileRef = 3B5DF741296AE88E00169461 /* AppDelegate.swift */; };
		3B5DF744296AE88E00169461 /* SceneDelegate.swift in Sources */ = {isa = PBXBuildFile; fileRef = 3B5DF743296AE88E00169461 /* SceneDelegate.swift */; };
		3B5DF746296AE88E00169461 /* LoginScreen.swift in Sources */ = {isa = PBXBuildFile; fileRef = 3B5DF745296AE88E00169461 /* LoginScreen.swift */; };
		3B5DF749296AE88E00169461 /* Main.storyboard in Resources */ = {isa = PBXBuildFile; fileRef = 3B5DF747296AE88E00169461 /* Main.storyboard */; };
		3B5DF74B296AE88F00169461 /* Assets.xcassets in Resources */ = {isa = PBXBuildFile; fileRef = 3B5DF74A296AE88F00169461 /* Assets.xcassets */; };
		3B5DF74E296AE88F00169461 /* LaunchScreen.storyboard in Resources */ = {isa = PBXBuildFile; fileRef = 3B5DF74C296AE88F00169461 /* LaunchScreen.storyboard */; };
		3B6BDB8D296B00A60049D11D /* SignUpScreen.swift in Sources */ = {isa = PBXBuildFile; fileRef = 3B6BDB8C296B00A60049D11D /* SignUpScreen.swift */; };
		3B7B619D296BF925002A9C2C /* PasswordResetScreen.swift in Sources */ = {isa = PBXBuildFile; fileRef = 3B7B619C296BF925002A9C2C /* PasswordResetScreen.swift */; };
		3B7B619F296C0B01002A9C2C /* HomeScreen.swift in Sources */ = {isa = PBXBuildFile; fileRef = 3B7B619E296C0B01002A9C2C /* HomeScreen.swift */; };
		3B7B61A1296C0B1D002A9C2C /* UploadScreen.swift in Sources */ = {isa = PBXBuildFile; fileRef = 3B7B61A0296C0B1D002A9C2C /* UploadScreen.swift */; };
		3B7B61A3296C0B37002A9C2C /* AccountScreen.swift in Sources */ = {isa = PBXBuildFile; fileRef = 3B7B61A2296C0B37002A9C2C /* AccountScreen.swift */; };
		3B7B61A5296C0B76002A9C2C /* PostCell.swift in Sources */ = {isa = PBXBuildFile; fileRef = 3B7B61A4296C0B76002A9C2C /* PostCell.swift */; };
		3B7B61A7296C34AB002A9C2C /* PostModel.swift in Sources */ = {isa = PBXBuildFile; fileRef = 3B7B61A6296C34AB002A9C2C /* PostModel.swift */; };
		3B91F448296D427600326DDD /* GoogleService-Info.plist in Resources */ = {isa = PBXBuildFile; fileRef = 3B91F447296D427600326DDD /* GoogleService-Info.plist */; };
		3BEB299B2972E34400D1D850 /* PostScreen.swift in Sources */ = {isa = PBXBuildFile; fileRef = 3BEB299A2972E34400D1D850 /* PostScreen.swift */; };
/* End PBXBuildFile section */

/* Begin PBXFileReference section */
		3B4F04D429713B35008F8E6E /* UserSingleton.swift */ = {isa = PBXFileReference; lastKnownFileType = sourcecode.swift; path = UserSingleton.swift; sourceTree = "<group>"; };
		3B5DF73E296AE88E00169461 /* VSCO Clone.app */ = {isa = PBXFileReference; explicitFileType = wrapper.application; includeInIndex = 0; path = "VSCO Clone.app"; sourceTree = BUILT_PRODUCTS_DIR; };
		3B5DF741296AE88E00169461 /* AppDelegate.swift */ = {isa = PBXFileReference; lastKnownFileType = sourcecode.swift; path = AppDelegate.swift; sourceTree = "<group>"; };
		3B5DF743296AE88E00169461 /* SceneDelegate.swift */ = {isa = PBXFileReference; lastKnownFileType = sourcecode.swift; path = SceneDelegate.swift; sourceTree = "<group>"; };
		3B5DF745296AE88E00169461 /* LoginScreen.swift */ = {isa = PBXFileReference; lastKnownFileType = sourcecode.swift; path = LoginScreen.swift; sourceTree = "<group>"; };
		3B5DF748296AE88E00169461 /* Base */ = {isa = PBXFileReference; lastKnownFileType = file.storyboard; name = Base; path = Base.lproj/Main.storyboard; sourceTree = "<group>"; };
		3B5DF74A296AE88F00169461 /* Assets.xcassets */ = {isa = PBXFileReference; lastKnownFileType = folder.assetcatalog; path = Assets.xcassets; sourceTree = "<group>"; };
		3B5DF74D296AE88F00169461 /* Base */ = {isa = PBXFileReference; lastKnownFileType = file.storyboard; name = Base; path = Base.lproj/LaunchScreen.storyboard; sourceTree = "<group>"; };
		3B5DF74F296AE88F00169461 /* Info.plist */ = {isa = PBXFileReference; lastKnownFileType = text.plist.xml; path = Info.plist; sourceTree = "<group>"; };
		3B6BDB8C296B00A60049D11D /* SignUpScreen.swift */ = {isa = PBXFileReference; lastKnownFileType = sourcecode.swift; path = SignUpScreen.swift; sourceTree = "<group>"; };
		3B7B619C296BF925002A9C2C /* PasswordResetScreen.swift */ = {isa = PBXFileReference; lastKnownFileType = sourcecode.swift; path = PasswordResetScreen.swift; sourceTree = "<group>"; };
		3B7B619E296C0B01002A9C2C /* HomeScreen.swift */ = {isa = PBXFileReference; lastKnownFileType = sourcecode.swift; path = HomeScreen.swift; sourceTree = "<group>"; };
		3B7B61A0296C0B1D002A9C2C /* UploadScreen.swift */ = {isa = PBXFileReference; lastKnownFileType = sourcecode.swift; path = UploadScreen.swift; sourceTree = "<group>"; };
		3B7B61A2296C0B37002A9C2C /* AccountScreen.swift */ = {isa = PBXFileReference; lastKnownFileType = sourcecode.swift; path = AccountScreen.swift; sourceTree = "<group>"; };
		3B7B61A4296C0B76002A9C2C /* PostCell.swift */ = {isa = PBXFileReference; lastKnownFileType = sourcecode.swift; path = PostCell.swift; sourceTree = "<group>"; };
		3B7B61A6296C34AB002A9C2C /* PostModel.swift */ = {isa = PBXFileReference; lastKnownFileType = sourcecode.swift; path = PostModel.swift; sourceTree = "<group>"; };
		3B91F447296D427600326DDD /* GoogleService-Info.plist */ = {isa = PBXFileReference; fileEncoding = 4; lastKnownFileType = text.plist.xml; path = "GoogleService-Info.plist"; sourceTree = "<group>"; };
		3BEB299A2972E34400D1D850 /* PostScreen.swift */ = {isa = PBXFileReference; lastKnownFileType = sourcecode.swift; path = PostScreen.swift; sourceTree = "<group>"; };
		4E2750F8279F263189E1F393 /* Pods-VSCO Clone.debug.xcconfig */ = {isa = PBXFileReference; includeInIndex = 1; lastKnownFileType = text.xcconfig; name = "Pods-VSCO Clone.debug.xcconfig"; path = "Target Support Files/Pods-VSCO Clone/Pods-VSCO Clone.debug.xcconfig"; sourceTree = "<group>"; };
		5735B76B9DD8158886330D8F /* Pods-VSCO Clone.release.xcconfig */ = {isa = PBXFileReference; includeInIndex = 1; lastKnownFileType = text.xcconfig; name = "Pods-VSCO Clone.release.xcconfig"; path = "Target Support Files/Pods-VSCO Clone/Pods-VSCO Clone.release.xcconfig"; sourceTree = "<group>"; };
		65A2AB4F6155106F04669D32 /* Pods_VSCO_Clone.framework */ = {isa = PBXFileReference; explicitFileType = wrapper.framework; includeInIndex = 0; path = Pods_VSCO_Clone.framework; sourceTree = BUILT_PRODUCTS_DIR; };
/* End PBXFileReference section */

/* Begin PBXFrameworksBuildPhase section */
		3B5DF73B296AE88E00169461 /* Frameworks */ = {
			isa = PBXFrameworksBuildPhase;
			buildActionMask = 2147483647;
			files = (
				32E976A4353038FF359C45C3 /* Pods_VSCO_Clone.framework in Frameworks */,
			);
			runOnlyForDeploymentPostprocessing = 0;
		};
/* End PBXFrameworksBuildPhase section */

/* Begin PBXGroup section */
		3B5DF735296AE88E00169461 = {
			isa = PBXGroup;
			children = (
				3B5DF740296AE88E00169461 /* VSCO Clone */,
				3B5DF73F296AE88E00169461 /* Products */,
				E34FC1547B6CCA0FCF7E2983 /* Pods */,
				B8EA5A322FC9DF86B602FA9B /* Frameworks */,
			);
			sourceTree = "<group>";
		};
		3B5DF73F296AE88E00169461 /* Products */ = {
			isa = PBXGroup;
			children = (
				3B5DF73E296AE88E00169461 /* VSCO Clone.app */,
			);
			name = Products;
			sourceTree = "<group>";
		};
		3B5DF740296AE88E00169461 /* VSCO Clone */ = {
			isa = PBXGroup;
			children = (
				3B91F446296D418600326DDD /* Screens */,
				3B91F445296D417800326DDD /* Models */,
				3B91F444296D416400326DDD /* Delegates */,
				3B5DF747296AE88E00169461 /* Main.storyboard */,
				3B5DF74A296AE88F00169461 /* Assets.xcassets */,
				3B5DF74C296AE88F00169461 /* LaunchScreen.storyboard */,
				3B5DF74F296AE88F00169461 /* Info.plist */,
				3B91F447296D427600326DDD /* GoogleService-Info.plist */,
			);
			path = "VSCO Clone";
			sourceTree = "<group>";
		};
		3B91F444296D416400326DDD /* Delegates */ = {
			isa = PBXGroup;
			children = (
				3B5DF741296AE88E00169461 /* AppDelegate.swift */,
				3B5DF743296AE88E00169461 /* SceneDelegate.swift */,
			);
			path = Delegates;
			sourceTree = "<group>";
		};
		3B91F445296D417800326DDD /* Models */ = {
			isa = PBXGroup;
			children = (
				3B7B61A6296C34AB002A9C2C /* PostModel.swift */,
				3B7B61A4296C0B76002A9C2C /* PostCell.swift */,
				3B4F04D429713B35008F8E6E /* UserSingleton.swift */,
			);
			path = Models;
			sourceTree = "<group>";
		};
		3B91F446296D418600326DDD /* Screens */ = {
			isa = PBXGroup;
			children = (
				3B5DF745296AE88E00169461 /* LoginScreen.swift */,
				3B6BDB8C296B00A60049D11D /* SignUpScreen.swift */,
				3B7B619C296BF925002A9C2C /* PasswordResetScreen.swift */,
				3B7B619E296C0B01002A9C2C /* HomeScreen.swift */,
				3B7B61A0296C0B1D002A9C2C /* UploadScreen.swift */,
				3B7B61A2296C0B37002A9C2C /* AccountScreen.swift */,
				3BEB299A2972E34400D1D850 /* PostScreen.swift */,
			);
			path = Screens;
			sourceTree = "<group>";
		};
		B8EA5A322FC9DF86B602FA9B /* Frameworks */ = {
			isa = PBXGroup;
			children = (
				65A2AB4F6155106F04669D32 /* Pods_VSCO_Clone.framework */,
			);
			name = Frameworks;
			sourceTree = "<group>";
		};
		E34FC1547B6CCA0FCF7E2983 /* Pods */ = {
			isa = PBXGroup;
			children = (
				4E2750F8279F263189E1F393 /* Pods-VSCO Clone.debug.xcconfig */,
				5735B76B9DD8158886330D8F /* Pods-VSCO Clone.release.xcconfig */,
			);
			path = Pods;
			sourceTree = "<group>";
		};
/* End PBXGroup section */

/* Begin PBXNativeTarget section */
		3B5DF73D296AE88E00169461 /* VSCO Clone */ = {
			isa = PBXNativeTarget;
			buildConfigurationList = 3B5DF752296AE88F00169461 /* Build configuration list for PBXNativeTarget "VSCO Clone" */;
			buildPhases = (
				2426CCA94234830DA530C906 /* [CP] Check Pods Manifest.lock */,
				3B5DF73A296AE88E00169461 /* Sources */,
				3B5DF73B296AE88E00169461 /* Frameworks */,
				3B5DF73C296AE88E00169461 /* Resources */,
				91AB8BAAE6908F57CFF16FA4 /* [CP] Embed Pods Frameworks */,
			);
			buildRules = (
			);
			dependencies = (
			);
			name = "VSCO Clone";
			productName = "VSCO Clone";
			productReference = 3B5DF73E296AE88E00169461 /* VSCO Clone.app */;
			productType = "com.apple.product-type.application";
		};
/* End PBXNativeTarget section */

/* Begin PBXProject section */
		3B5DF736296AE88E00169461 /* Project object */ = {
			isa = PBXProject;
			attributes = {
				BuildIndependentTargetsInParallel = 1;
				LastSwiftUpdateCheck = 1420;
				LastUpgradeCheck = 1420;
				TargetAttributes = {
					3B5DF73D296AE88E00169461 = {
						CreatedOnToolsVersion = 14.2;
					};
				};
			};
			buildConfigurationList = 3B5DF739296AE88E00169461 /* Build configuration list for PBXProject "VSCO Clone" */;
			compatibilityVersion = "Xcode 14.0";
			developmentRegion = en;
			hasScannedForEncodings = 0;
			knownRegions = (
				en,
				Base,
			);
			mainGroup = 3B5DF735296AE88E00169461;
			productRefGroup = 3B5DF73F296AE88E00169461 /* Products */;
			projectDirPath = "";
			projectRoot = "";
			targets = (
				3B5DF73D296AE88E00169461 /* VSCO Clone */,
			);
		};
/* End PBXProject section */

/* Begin PBXResourcesBuildPhase section */
		3B5DF73C296AE88E00169461 /* Resources */ = {
			isa = PBXResourcesBuildPhase;
			buildActionMask = 2147483647;
			files = (
				3B5DF74E296AE88F00169461 /* LaunchScreen.storyboard in Resources */,
				3B91F448296D427600326DDD /* GoogleService-Info.plist in Resources */,
				3B5DF74B296AE88F00169461 /* Assets.xcassets in Resources */,
				3B5DF749296AE88E00169461 /* Main.storyboard in Resources */,
			);
			runOnlyForDeploymentPostprocessing = 0;
		};
/* End PBXResourcesBuildPhase section */

/* Begin PBXShellScriptBuildPhase section */
		2426CCA94234830DA530C906 /* [CP] Check Pods Manifest.lock */ = {
			isa = PBXShellScriptBuildPhase;
			buildActionMask = 2147483647;
			files = (
			);
			inputFileListPaths = (
			);
			inputPaths = (
				"${PODS_PODFILE_DIR_PATH}/Podfile.lock",
				"${PODS_ROOT}/Manifest.lock",
			);
			name = "[CP] Check Pods Manifest.lock";
			outputFileListPaths = (
			);
			outputPaths = (
				"$(DERIVED_FILE_DIR)/Pods-VSCO Clone-checkManifestLockResult.txt",
			);
			runOnlyForDeploymentPostprocessing = 0;
			shellPath = /bin/sh;
			shellScript = "diff \"${PODS_PODFILE_DIR_PATH}/Podfile.lock\" \"${PODS_ROOT}/Manifest.lock\" > /dev/null\nif [ $? != 0 ] ; then\n    # print error to STDERR\n    echo \"error: The sandbox is not in sync with the Podfile.lock. Run 'pod install' or update your CocoaPods installation.\" >&2\n    exit 1\nfi\n# This output is used by Xcode 'outputs' to avoid re-running this script phase.\necho \"SUCCESS\" > \"${SCRIPT_OUTPUT_FILE_0}\"\n";
			showEnvVarsInLog = 0;
		};
		91AB8BAAE6908F57CFF16FA4 /* [CP] Embed Pods Frameworks */ = {
			isa = PBXShellScriptBuildPhase;
			buildActionMask = 2147483647;
			files = (
			);
			inputFileListPaths = (
				"${PODS_ROOT}/Target Support Files/Pods-VSCO Clone/Pods-VSCO Clone-frameworks-${CONFIGURATION}-input-files.xcfilelist",
			);
			name = "[CP] Embed Pods Frameworks";
			outputFileListPaths = (
				"${PODS_ROOT}/Target Support Files/Pods-VSCO Clone/Pods-VSCO Clone-frameworks-${CONFIGURATION}-output-files.xcfilelist",
			);
			runOnlyForDeploymentPostprocessing = 0;
			shellPath = /bin/sh;
			shellScript = "\"${PODS_ROOT}/Target Support Files/Pods-VSCO Clone/Pods-VSCO Clone-frameworks.sh\"\n";
			showEnvVarsInLog = 0;
		};
/* End PBXShellScriptBuildPhase section */

/* Begin PBXSourcesBuildPhase section */
		3B5DF73A296AE88E00169461 /* Sources */ = {
			isa = PBXSourcesBuildPhase;
			buildActionMask = 2147483647;
			files = (
				3B4F04D529713B35008F8E6E /* UserSingleton.swift in Sources */,
				3B5DF746296AE88E00169461 /* LoginScreen.swift in Sources */,
				3B7B61A7296C34AB002A9C2C /* PostModel.swift in Sources */,
				3B5DF742296AE88E00169461 /* AppDelegate.swift in Sources */,
				3B7B619F296C0B01002A9C2C /* HomeScreen.swift in Sources */,
				3BEB299B2972E34400D1D850 /* PostScreen.swift in Sources */,
				3B7B61A3296C0B37002A9C2C /* AccountScreen.swift in Sources */,
				3B5DF744296AE88E00169461 /* SceneDelegate.swift in Sources */,
				3B7B61A5296C0B76002A9C2C /* PostCell.swift in Sources */,
				3B6BDB8D296B00A60049D11D /* SignUpScreen.swift in Sources */,
				3B7B61A1296C0B1D002A9C2C /* UploadScreen.swift in Sources */,
				3B7B619D296BF925002A9C2C /* PasswordResetScreen.swift in Sources */,
			);
			runOnlyForDeploymentPostprocessing = 0;
		};
/* End PBXSourcesBuildPhase section */

/* Begin PBXVariantGroup section */
		3B5DF747296AE88E00169461 /* Main.storyboard */ = {
			isa = PBXVariantGroup;
			children = (
				3B5DF748296AE88E00169461 /* Base */,
			);
			name = Main.storyboard;
			sourceTree = "<group>";
		};
		3B5DF74C296AE88F00169461 /* LaunchScreen.storyboard */ = {
			isa = PBXVariantGroup;
			children = (
				3B5DF74D296AE88F00169461 /* Base */,
			);
			name = LaunchScreen.storyboard;
			sourceTree = "<group>";
		};
/* End PBXVariantGroup section */

/* Begin XCBuildConfiguration section */
		3B5DF750296AE88F00169461 /* Debug */ = {
			isa = XCBuildConfiguration;
			buildSettings = {
				ALWAYS_SEARCH_USER_PATHS = NO;
				CLANG_ANALYZER_NONNULL = YES;
				CLANG_ANALYZER_NUMBER_OBJECT_CONVERSION = YES_AGGRESSIVE;
				CLANG_CXX_LANGUAGE_STANDARD = "gnu++20";
				CLANG_ENABLE_MODULES = YES;
				CLANG_ENABLE_OBJC_ARC = YES;
				CLANG_ENABLE_OBJC_WEAK = YES;
				CLANG_WARN_BLOCK_CAPTURE_AUTORELEASING = YES;
				CLANG_WARN_BOOL_CONVERSION = YES;
				CLANG_WARN_COMMA = YES;
				CLANG_WARN_CONSTANT_CONVERSION = YES;
				CLANG_WARN_DEPRECATED_OBJC_IMPLEMENTATIONS = YES;
				CLANG_WARN_DIRECT_OBJC_ISA_USAGE = YES_ERROR;
				CLANG_WARN_DOCUMENTATION_COMMENTS = YES;
				CLANG_WARN_EMPTY_BODY = YES;
				CLANG_WARN_ENUM_CONVERSION = YES;
				CLANG_WARN_INFINITE_RECURSION = YES;
				CLANG_WARN_INT_CONVERSION = YES;
				CLANG_WARN_NON_LITERAL_NULL_CONVERSION = YES;
				CLANG_WARN_OBJC_IMPLICIT_RETAIN_SELF = YES;
				CLANG_WARN_OBJC_LITERAL_CONVERSION = YES;
				CLANG_WARN_OBJC_ROOT_CLASS = YES_ERROR;
				CLANG_WARN_QUOTED_INCLUDE_IN_FRAMEWORK_HEADER = YES;
				CLANG_WARN_RANGE_LOOP_ANALYSIS = YES;
				CLANG_WARN_STRICT_PROTOTYPES = YES;
				CLANG_WARN_SUSPICIOUS_MOVE = YES;
				CLANG_WARN_UNGUARDED_AVAILABILITY = YES_AGGRESSIVE;
				CLANG_WARN_UNREACHABLE_CODE = YES;
				CLANG_WARN__DUPLICATE_METHOD_MATCH = YES;
				COPY_PHASE_STRIP = NO;
				DEBUG_INFORMATION_FORMAT = dwarf;
				ENABLE_STRICT_OBJC_MSGSEND = YES;
				ENABLE_TESTABILITY = YES;
				GCC_C_LANGUAGE_STANDARD = gnu11;
				GCC_DYNAMIC_NO_PIC = NO;
				GCC_NO_COMMON_BLOCKS = YES;
				GCC_OPTIMIZATION_LEVEL = 0;
				GCC_PREPROCESSOR_DEFINITIONS = (
					"DEBUG=1",
					"$(inherited)",
				);
				GCC_WARN_64_TO_32_BIT_CONVERSION = YES;
				GCC_WARN_ABOUT_RETURN_TYPE = YES_ERROR;
				GCC_WARN_UNDECLARED_SELECTOR = YES;
				GCC_WARN_UNINITIALIZED_AUTOS = YES_AGGRESSIVE;
				GCC_WARN_UNUSED_FUNCTION = YES;
				GCC_WARN_UNUSED_VARIABLE = YES;
				IPHONEOS_DEPLOYMENT_TARGET = 16.2;
				MTL_ENABLE_DEBUG_INFO = INCLUDE_SOURCE;
				MTL_FAST_MATH = YES;
				ONLY_ACTIVE_ARCH = YES;
				SDKROOT = iphoneos;
				SWIFT_ACTIVE_COMPILATION_CONDITIONS = DEBUG;
				SWIFT_OPTIMIZATION_LEVEL = "-Onone";
			};
			name = Debug;
		};
		3B5DF751296AE88F00169461 /* Release */ = {
			isa = XCBuildConfiguration;
			buildSettings = {
				ALWAYS_SEARCH_USER_PATHS = NO;
				CLANG_ANALYZER_NONNULL = YES;
				CLANG_ANALYZER_NUMBER_OBJECT_CONVERSION = YES_AGGRESSIVE;
				CLANG_CXX_LANGUAGE_STANDARD = "gnu++20";
				CLANG_ENABLE_MODULES = YES;
				CLANG_ENABLE_OBJC_ARC = YES;
				CLANG_ENABLE_OBJC_WEAK = YES;
				CLANG_WARN_BLOCK_CAPTURE_AUTORELEASING = YES;
				CLANG_WARN_BOOL_CONVERSION = YES;
				CLANG_WARN_COMMA = YES;
				CLANG_WARN_CONSTANT_CONVERSION = YES;
				CLANG_WARN_DEPRECATED_OBJC_IMPLEMENTATIONS = YES;
				CLANG_WARN_DIRECT_OBJC_ISA_USAGE = YES_ERROR;
				CLANG_WARN_DOCUMENTATION_COMMENTS = YES;
				CLANG_WARN_EMPTY_BODY = YES;
				CLANG_WARN_ENUM_CONVERSION = YES;
				CLANG_WARN_INFINITE_RECURSION = YES;
				CLANG_WARN_INT_CONVERSION = YES;
				CLANG_WARN_NON_LITERAL_NULL_CONVERSION = YES;
				CLANG_WARN_OBJC_IMPLICIT_RETAIN_SELF = YES;
				CLANG_WARN_OBJC_LITERAL_CONVERSION = YES;
				CLANG_WARN_OBJC_ROOT_CLASS = YES_ERROR;
				CLANG_WARN_QUOTED_INCLUDE_IN_FRAMEWORK_HEADER = YES;
				CLANG_WARN_RANGE_LOOP_ANALYSIS = YES;
				CLANG_WARN_STRICT_PROTOTYPES = YES;
				CLANG_WARN_SUSPICIOUS_MOVE = YES;
				CLANG_WARN_UNGUARDED_AVAILABILITY = YES_AGGRESSIVE;
				CLANG_WARN_UNREACHABLE_CODE = YES;
				CLANG_WARN__DUPLICATE_METHOD_MATCH = YES;
				COPY_PHASE_STRIP = NO;
				DEBUG_INFORMATION_FORMAT = "dwarf-with-dsym";
				ENABLE_NS_ASSERTIONS = NO;
				ENABLE_STRICT_OBJC_MSGSEND = YES;
				GCC_C_LANGUAGE_STANDARD = gnu11;
				GCC_NO_COMMON_BLOCKS = YES;
				GCC_WARN_64_TO_32_BIT_CONVERSION = YES;
				GCC_WARN_ABOUT_RETURN_TYPE = YES_ERROR;
				GCC_WARN_UNDECLARED_SELECTOR = YES;
				GCC_WARN_UNINITIALIZED_AUTOS = YES_AGGRESSIVE;
				GCC_WARN_UNUSED_FUNCTION = YES;
				GCC_WARN_UNUSED_VARIABLE = YES;
				IPHONEOS_DEPLOYMENT_TARGET = 16.2;
				MTL_ENABLE_DEBUG_INFO = NO;
				MTL_FAST_MATH = YES;
				SDKROOT = iphoneos;
				SWIFT_COMPILATION_MODE = wholemodule;
				SWIFT_OPTIMIZATION_LEVEL = "-O";
				VALIDATE_PRODUCT = YES;
			};
			name = Release;
		};
		3B5DF753296AE88F00169461 /* Debug */ = {
			isa = XCBuildConfiguration;
			baseConfigurationReference = 4E2750F8279F263189E1F393 /* Pods-VSCO Clone.debug.xcconfig */;
			buildSettings = {
				ASSETCATALOG_COMPILER_APPICON_NAME = AppIcon;
				ASSETCATALOG_COMPILER_GLOBAL_ACCENT_COLOR_NAME = AccentColor;
				CODE_SIGN_STYLE = Automatic;
				CURRENT_PROJECT_VERSION = 1;
				DEVELOPMENT_TEAM = GC4L7S8Y7X;
				GENERATE_INFOPLIST_FILE = YES;
				INFOPLIST_FILE = "VSCO Clone/Info.plist";
				INFOPLIST_KEY_UIApplicationSupportsIndirectInputEvents = YES;
				INFOPLIST_KEY_UILaunchStoryboardName = LaunchScreen;
				INFOPLIST_KEY_UIMainStoryboardFile = Main;
				INFOPLIST_KEY_UISupportedInterfaceOrientations_iPad = "UIInterfaceOrientationPortrait UIInterfaceOrientationPortraitUpsideDown UIInterfaceOrientationLandscapeLeft UIInterfaceOrientationLandscapeRight";
				INFOPLIST_KEY_UISupportedInterfaceOrientations_iPhone = "UIInterfaceOrientationPortrait UIInterfaceOrientationLandscapeLeft UIInterfaceOrientationLandscapeRight";
				LD_RUNPATH_SEARCH_PATHS = (
					"$(inherited)",
					"@executable_path/Frameworks",
				);
				MARKETING_VERSION = 1.0;
				PRODUCT_BUNDLE_IDENTIFIER = "com.muharremkoroglu.VSCO-Clone";
				PRODUCT_NAME = "$(TARGET_NAME)";
				SWIFT_EMIT_LOC_STRINGS = YES;
				SWIFT_VERSION = 5.0;
				TARGETED_DEVICE_FAMILY = "1,2";
			};
			name = Debug;
		};
		3B5DF754296AE88F00169461 /* Release */ = {
			isa = XCBuildConfiguration;
			baseConfigurationReference = 5735B76B9DD8158886330D8F /* Pods-VSCO Clone.release.xcconfig */;
			buildSettings = {
				ASSETCATALOG_COMPILER_APPICON_NAME = AppIcon;
				ASSETCATALOG_COMPILER_GLOBAL_ACCENT_COLOR_NAME = AccentColor;
				CODE_SIGN_STYLE = Automatic;
				CURRENT_PROJECT_VERSION = 1;
				DEVELOPMENT_TEAM = GC4L7S8Y7X;
				GENERATE_INFOPLIST_FILE = YES;
				INFOPLIST_FILE = "VSCO Clone/Info.plist";
				INFOPLIST_KEY_UIApplicationSupportsIndirectInputEvents = YES;
				INFOPLIST_KEY_UILaunchStoryboardName = LaunchScreen;
				INFOPLIST_KEY_UIMainStoryboardFile = Main;
				INFOPLIST_KEY_UISupportedInterfaceOrientations_iPad = "UIInterfaceOrientationPortrait UIInterfaceOrientationPortraitUpsideDown UIInterfaceOrientationLandscapeLeft UIInterfaceOrientationLandscapeRight";
				INFOPLIST_KEY_UISupportedInterfaceOrientations_iPhone = "UIInterfaceOrientationPortrait UIInterfaceOrientationLandscapeLeft UIInterfaceOrientationLandscapeRight";
				LD_RUNPATH_SEARCH_PATHS = (
					"$(inherited)",
					"@executable_path/Frameworks",
				);
				MARKETING_VERSION = 1.0;
				PRODUCT_BUNDLE_IDENTIFIER = "com.muharremkoroglu.VSCO-Clone";
				PRODUCT_NAME = "$(TARGET_NAME)";
				SWIFT_EMIT_LOC_STRINGS = YES;
				SWIFT_VERSION = 5.0;
				TARGETED_DEVICE_FAMILY = "1,2";
			};
			name = Release;
		};
/* End XCBuildConfiguration section */

/* Begin XCConfigurationList section */
		3B5DF739296AE88E00169461 /* Build configuration list for PBXProject "VSCO Clone" */ = {
			isa = XCConfigurationList;
			buildConfigurations = (
				3B5DF750296AE88F00169461 /* Debug */,
				3B5DF751296AE88F00169461 /* Release */,
			);
			defaultConfigurationIsVisible = 0;
			defaultConfigurationName = Release;
		};
		3B5DF752296AE88F00169461 /* Build configuration list for PBXNativeTarget "VSCO Clone" */ = {
			isa = XCConfigurationList;
			buildConfigurations = (
				3B5DF753296AE88F00169461 /* Debug */,
				3B5DF754296AE88F00169461 /* Release */,
			);
			defaultConfigurationIsVisible = 0;
			defaultConfigurationName = Release;
		};
/* End XCConfigurationList section */
	};
	rootObject = 3B5DF736296AE88E00169461 /* Project object */;
}
